
Microsoft Visual Studio Solution File, Format Version 12.00
# Visual Studio Version 16
VisualStudioVersion = 16.0.30611.23
MinimumVisualStudioVersion = 10.0.40219.1
Project("{FAE04EC0-301F-11D3-BF4B-00C04F79EFBC}") = "SendEmailAutomatic", "SendEmailAutomatic\SendEmailAutomatic.csproj", "{4F0289EB-0033-470F-ADBA-3442E57F9EF3}"
EndProject
Global
	GlobalSection(SolutionConfigurationPlatforms) = preSolution
		Debug|Any CPU = Debug|Any CPU
		Release|Any CPU = Release|Any CPU
	EndGlobalSection
	GlobalSection(ProjectConfigurationPlatforms) = postSolution
		{4F0289EB-0033-470F-ADBA-3442E57F9EF3}.Debug|Any CPU.ActiveCfg = Debug|Any CPU
		{4F0289EB-0033-470F-ADBA-3442E57F9EF3}.Debug|Any CPU.Build.0 = Debug|Any CPU
		{4F0289EB-0033-470F-ADBA-3442E57F9EF3}.Release|Any CPU.ActiveCfg = Release|Any CPU
		{4F0289EB-0033-470F-ADBA-3442E57F9EF3}.Release|Any CPU.Build.0 = Release|Any CPU
	EndGlobalSection
	GlobalSection(SolutionProperties) = preSolution
		HideSolutionNode = FALSE
	EndGlobalSection
	GlobalSection(ExtensibilityGlobals) = postSolution
		SolutionGuid = {E118BCC3-EEDD-4C3D-8222-7BED99EE335C}
	EndGlobalSection
EndGlobal
